
Microsoft Visual Studio Solution File, Format Version 12.00
# Visual Studio Version 17
VisualStudioVersion = 17.9.34622.214
MinimumVisualStudioVersion = 10.0.40219.1
Project("{8BC9CEB8-8B4A-11D0-8D11-00A0C91BC942}") = "week2-1", "week2\week2.vcxproj", "{62D78985-E796-46DD-9359-B45C5E51B385}"
EndProject
Project("{8BC9CEB8-8B4A-11D0-8D11-00A0C91BC942}") = "week2-2", "week2-12\week2-12.vcxproj", "{1898F4A1-D6B0-42BC-8A89-35DA1CDCD282}"
EndProject
Project("{8BC9CEB8-8B4A-11D0-8D11-00A0C91BC942}") = "week2-3", "week2-3\week2-3.vcxproj", "{ED908D70-1B8C-4A07-BDF3-39B0498F8F61}"
EndProject
Project("{8BC9CEB8-8B4A-11D0-8D11-00A0C91BC942}") = "week2-4", "week2-4\week2-4.vcxproj", "{5ADA7AD2-B04A-4C1E-A070-FA207DCD594C}"
EndProject
Project("{8BC9CEB8-8B4A-11D0-8D11-00A0C91BC942}") = "week2-hw", "week2-hw\week2-hw.vcxproj", "{A7A0EDFC-3A7C-4E79-8AA9-47876BE36B3D}"
EndProject
Project("{8BC9CEB8-8B4A-11D0-8D11-00A0C91BC942}") = "week2-5", "week2-5\week2-5.vcxproj", "{E3B88354-5AED-40CA-A041-8C63973801CF}"
EndProject
Project("{8BC9CEB8-8B4A-11D0-8D11-00A0C91BC942}") = "week2-6", "week2-6\week2-6.vcxproj", "{6E41E5C4-724F-47F2-8683-6723B71A0D06}"
EndProject
Project("{8BC9CEB8-8B4A-11D0-8D11-00A0C91BC942}") = "week2-7", "week2-7\week2-7.vcxproj", "{0B460CB4-01DE-4146-82FC-04E77F1569AD}"
EndProject
Global
	GlobalSection(SolutionConfigurationPlatforms) = preSolution
		Debug|x64 = Debug|x64
		Debug|x86 = Debug|x86
		Release|x64 = Release|x64
		Release|x86 = Release|x86
	EndGlobalSection
	GlobalSection(ProjectConfigurationPlatforms) = postSolution
		{62D78985-E796-46DD-9359-B45C5E51B385}.Debug|x64.ActiveCfg = Debug|x64
		{62D78985-E796-46DD-9359-B45C5E51B385}.Debug|x64.Build.0 = Debug|x64
		{62D78985-E796-46DD-9359-B45C5E51B385}.Debug|x86.ActiveCfg = Debug|Win32
		{62D78985-E796-46DD-9359-B45C5E51B385}.Debug|x86.Build.0 = Debug|Win32
		{62D78985-E796-46DD-9359-B45C5E51B385}.Release|x64.ActiveCfg = Release|x64
		{62D78985-E796-46DD-9359-B45C5E51B385}.Release|x64.Build.0 = Release|x64
		{62D78985-E796-46DD-9359-B45C5E51B385}.Release|x86.ActiveCfg = Release|Win32
		{62D78985-E796-46DD-9359-B45C5E51B385}.Release|x86.Build.0 = Release|Win32
		{1898F4A1-D6B0-42BC-8A89-35DA1CDCD282}.Debug|x64.ActiveCfg = Debug|x64
		{1898F4A1-D6B0-42BC-8A89-35DA1CDCD282}.Debug|x64.Build.0 = Debug|x64
		{1898F4A1-D6B0-42BC-8A89-35DA1CDCD282}.Debug|x86.ActiveCfg = Debug|Win32
		{1898F4A1-D6B0-42BC-8A89-35DA1CDCD282}.Debug|x86.Build.0 = Debug|Win32
		{1898F4A1-D6B0-42BC-8A89-35DA1CDCD282}.Release|x64.ActiveCfg = Release|x64
		{1898F4A1-D6B0-42BC-8A89-35DA1CDCD282}.Release|x64.Build.0 = Release|x64
		{1898F4A1-D6B0-42BC-8A89-35DA1CDCD282}.Release|x86.ActiveCfg = Release|Win32
		{1898F4A1-D6B0-42BC-8A89-35DA1CDCD282}.Release|x86.Build.0 = Release|Win32
		{ED908D70-1B8C-4A07-BDF3-39B0498F8F61}.Debug|x64.ActiveCfg = Debug|x64
		{ED908D70-1B8C-4A07-BDF3-39B0498F8F61}.Debug|x64.Build.0 = Debug|x64
		{ED908D70-1B8C-4A07-BDF3-39B0498F8F61}.Debug|x86.ActiveCfg = Debug|Win32
		{ED908D70-1B8C-4A07-BDF3-39B0498F8F61}.Debug|x86.Build.0 = Debug|Win32
		{ED908D70-1B8C-4A07-BDF3-39B0498F8F61}.Release|x64.ActiveCfg = Release|x64
		{ED908D70-1B8C-4A07-BDF3-39B0498F8F61}.Release|x64.Build.0 = Release|x64
		{ED908D70-1B8C-4A07-BDF3-39B0498F8F61}.Release|x86.ActiveCfg = Release|Win32
		{ED908D70-1B8C-4A07-BDF3-39B0498F8F61}.Release|x86.Build.0 = Release|Win32
		{5ADA7AD2-B04A-4C1E-A070-FA207DCD594C}.Debug|x64.ActiveCfg = Debug|x64
		{5ADA7AD2-B04A-4C1E-A070-FA207DCD594C}.Debug|x64.Build.0 = Debug|x64
		{5ADA7AD2-B04A-4C1E-A070-FA207DCD594C}.Debug|x86.ActiveCfg = Debug|Win32
		{5ADA7AD2-B04A-4C1E-A070-FA207DCD594C}.Debug|x86.Build.0 = Debug|Win32
		{5ADA7AD2-B04A-4C1E-A070-FA207DCD594C}.Release|x64.ActiveCfg = Release|x64
		{5ADA7AD2-B04A-4C1E-A070-FA207DCD594C}.Release|x64.Build.0 = Release|x64
		{5ADA7AD2-B04A-4C1E-A070-FA207DCD594C}.Release|x86.ActiveCfg = Release|Win32
		{5ADA7AD2-B04A-4C1E-A070-FA207DCD594C}.Release|x86.Build.0 = Release|Win32
		{A7A0EDFC-3A7C-4E79-8AA9-47876BE36B3D}.Debug|x64.ActiveCfg = Debug|x64
		{A7A0EDFC-3A7C-4E79-8AA9-47876BE36B3D}.Debug|x64.Build.0 = Debug|x64
		{A7A0EDFC-3A7C-4E79-8AA9-47876BE36B3D}.Debug|x86.ActiveCfg = Debug|Win32
		{A7A0EDFC-3A7C-4E79-8AA9-47876BE36B3D}.Debug|x86.Build.0 = Debug|Win32
		{A7A0EDFC-3A7C-4E79-8AA9-47876BE36B3D}.Release|x64.ActiveCfg = Release|x64
		{A7A0EDFC-3A7C-4E79-8AA9-47876BE36B3D}.Release|x64.Build.0 = Release|x64
		{A7A0EDFC-3A7C-4E79-8AA9-47876BE36B3D}.Release|x86.ActiveCfg = Release|Win32
		{A7A0EDFC-3A7C-4E79-8AA9-47876BE36B3D}.Release|x86.Build.0 = Release|Win32
		{E3B88354-5AED-40CA-A041-8C63973801CF}.Debug|x64.ActiveCfg = Debug|x64
		{E3B88354-5AED-40CA-A041-8C63973801CF}.Debug|x64.Build.0 = Debug|x64
		{E3B88354-5AED-40CA-A041-8C63973801CF}.Debug|x86.ActiveCfg = Debug|Win32
		{E3B88354-5AED-40CA-A041-8C63973801CF}.Debug|x86.Build.0 = Debug|Win32
		{E3B88354-5AED-40CA-A041-8C63973801CF}.Release|x64.ActiveCfg = Release|x64
		{E3B88354-5AED-40CA-A041-8C63973801CF}.Release|x64.Build.0 = Release|x64
		{E3B88354-5AED-40CA-A041-8C63973801CF}.Release|x86.ActiveCfg = Release|Win32
		{E3B88354-5AED-40CA-A041-8C63973801CF}.Release|x86.Build.0 = Release|Win32
		{6E41E5C4-724F-47F2-8683-6723B71A0D06}.Debug|x64.ActiveCfg = Debug|x64
		{6E41E5C4-724F-47F2-8683-6723B71A0D06}.Debug|x64.Build.0 = Debug|x64
		{6E41E5C4-724F-47F2-8683-6723B71A0D06}.Debug|x86.ActiveCfg = Debug|Win32
		{6E41E5C4-724F-47F2-8683-6723B71A0D06}.Debug|x86.Build.0 = Debug|Win32
		{6E41E5C4-724F-47F2-8683-6723B71A0D06}.Release|x64.ActiveCfg = Release|x64
		{6E41E5C4-724F-47F2-8683-6723B71A0D06}.Release|x64.Build.0 = Release|x64
		{6E41E5C4-724F-47F2-8683-6723B71A0D06}.Release|x86.ActiveCfg = Release|Win32
		{6E41E5C4-724F-47F2-8683-6723B71A0D06}.Release|x86.Build.0 = Release|Win32
		{0B460CB4-01DE-4146-82FC-04E77F1569AD}.Debug|x64.ActiveCfg = Debug|x64
		{0B460CB4-01DE-4146-82FC-04E77F1569AD}.Debug|x64.Build.0 = Debug|x64
		{0B460CB4-01DE-4146-82FC-04E77F1569AD}.Debug|x86.ActiveCfg = Debug|Win32
		{0B460CB4-01DE-4146-82FC-04E77F1569AD}.Debug|x86.Build.0 = Debug|Win32
		{0B460CB4-01DE-4146-82FC-04E77F1569AD}.Release|x64.ActiveCfg = Release|x64
		{0B460CB4-01DE-4146-82FC-04E77F1569AD}.Release|x64.Build.0 = Release|x64
		{0B460CB4-01DE-4146-82FC-04E77F1569AD}.Release|x86.ActiveCfg = Release|Win32
		{0B460CB4-01DE-4146-82FC-04E77F1569AD}.Release|x86.Build.0 = Release|Win32
	EndGlobalSection
	GlobalSection(SolutionProperties) = preSolution
		HideSolutionNode = FALSE
	EndGlobalSection
	GlobalSection(ExtensibilityGlobals) = postSolution
		SolutionGuid = {256418DD-40C1-4D3E-A2C2-5B8483236605}
	EndGlobalSection
EndGlobal
